
Microsoft Visual Studio Solution File, Format Version 12.00
# Visual Studio Version 17
VisualStudioVersion = 17.9.34714.143
MinimumVisualStudioVersion = 10.0.40219.1
Project("{FAE04EC0-301F-11D3-BF4B-00C04F79EFBC}") = "ToDoListApp", "ToDoListApp\ToDoListApp.csproj", "{82E3EB74-8D59-48F6-84BE-3D412EC8BC75}"
EndProject
Global
	GlobalSection(SolutionConfigurationPlatforms) = preSolution
		Debug|Any CPU = Debug|Any CPU
		Release|Any CPU = Release|Any CPU
	EndGlobalSection
	GlobalSection(ProjectConfigurationPlatforms) = postSolution
		{82E3EB74-8D59-48F6-84BE-3D412EC8BC75}.Debug|Any CPU.ActiveCfg = Debug|Any CPU
		{82E3EB74-8D59-48F6-84BE-3D412EC8BC75}.Debug|Any CPU.Build.0 = Debug|Any CPU
		{82E3EB74-8D59-48F6-84BE-3D412EC8BC75}.Release|Any CPU.ActiveCfg = Release|Any CPU
		{82E3EB74-8D59-48F6-84BE-3D412EC8BC75}.Release|Any CPU.Build.0 = Release|Any CPU
	EndGlobalSection
	GlobalSection(SolutionProperties) = preSolution
		HideSolutionNode = FALSE
	EndGlobalSection
	GlobalSection(ExtensibilityGlobals) = postSolution
		SolutionGuid = {1F7A9820-0819-4F3E-B4BD-C1B0F24BEB2F}
	EndGlobalSection
EndGlobal
